
Microsoft Visual Studio Solution File, Format Version 12.00
# Visual Studio 2015
Project("{FAE04EC0-301F-11D3-BF4B-00C04F79EFBC}") = "match1test.CSharp", "match1test.CSharp.csproj", "{8E565485-48C9-6EA0-0392-0FB883D8B89F}"
EndProject
Project("{FAE04EC0-301F-11D3-BF4B-00C04F79EFBC}") = "match1test.CSharp.Editor", "match1test.CSharp.Editor.csproj", "{9DFB825A-0F77-FBD9-952C-9E101A9CB837}"
EndProject
Global
	GlobalSection(SolutionConfigurationPlatforms) = preSolution
		Debug|Any CPU = Debug|Any CPU
		Release|Any CPU = Release|Any CPU
	EndGlobalSection
	GlobalSection(ProjectConfigurationPlatforms) = postSolution
		{8E565485-48C9-6EA0-0392-0FB883D8B89F}.Debug|Any CPU.ActiveCfg = Debug|Any CPU
		{8E565485-48C9-6EA0-0392-0FB883D8B89F}.Debug|Any CPU.Build.0 = Debug|Any CPU
		{8E565485-48C9-6EA0-0392-0FB883D8B89F}.Release|Any CPU.ActiveCfg = Release|Any CPU
		{8E565485-48C9-6EA0-0392-0FB883D8B89F}.Release|Any CPU.Build.0 = Release|Any CPU
		{9DFB825A-0F77-FBD9-952C-9E101A9CB837}.Debug|Any CPU.ActiveCfg = Debug|Any CPU
		{9DFB825A-0F77-FBD9-952C-9E101A9CB837}.Debug|Any CPU.Build.0 = Debug|Any CPU
		{9DFB825A-0F77-FBD9-952C-9E101A9CB837}.Release|Any CPU.ActiveCfg = Release|Any CPU
		{9DFB825A-0F77-FBD9-952C-9E101A9CB837}.Release|Any CPU.Build.0 = Release|Any CPU
	EndGlobalSection
	GlobalSection(SolutionProperties) = preSolution
		HideSolutionNode = FALSE
	EndGlobalSection
EndGlobal
